
Microsoft Visual Studio Solution File, Format Version 12.00
# Visual Studio Version 17
VisualStudioVersion = 17.9.34728.123
MinimumVisualStudioVersion = 10.0.40219.1
Project("{FAE04EC0-301F-11D3-BF4B-00C04F79EFBC}") = "MagicVilla_CouponAPI", "MagicVilla_CouponAPI\MagicVilla_CouponAPI.csproj", "{697A02F1-D238-4E28-89CC-5C68642BDD18}"
EndProject
Global
	GlobalSection(SolutionConfigurationPlatforms) = preSolution
		Debug|Any CPU = Debug|Any CPU
		Release|Any CPU = Release|Any CPU
	EndGlobalSection
	GlobalSection(ProjectConfigurationPlatforms) = postSolution
		{697A02F1-D238-4E28-89CC-5C68642BDD18}.Debug|Any CPU.ActiveCfg = Debug|Any CPU
		{697A02F1-D238-4E28-89CC-5C68642BDD18}.Debug|Any CPU.Build.0 = Debug|Any CPU
		{697A02F1-D238-4E28-89CC-5C68642BDD18}.Release|Any CPU.ActiveCfg = Release|Any CPU
		{697A02F1-D238-4E28-89CC-5C68642BDD18}.Release|Any CPU.Build.0 = Release|Any CPU
	EndGlobalSection
	GlobalSection(SolutionProperties) = preSolution
		HideSolutionNode = FALSE
	EndGlobalSection
	GlobalSection(ExtensibilityGlobals) = postSolution
		SolutionGuid = {54240C2D-B112-4F6C-853B-761C15439500}
	EndGlobalSection
EndGlobal
